
Microsoft Visual Studio Solution File, Format Version 12.00
# Visual Studio Version 16
VisualStudioVersion = 16.0.30002.166
MinimumVisualStudioVersion = 10.0.40219.1
Project("{FAE04EC0-301F-11D3-BF4B-00C04F79EFBC}") = "EightQueen", "EightQueen\EightQueen.csproj", "{D6CB3580-F1D6-4866-9CDA-E0098450F90E}"
EndProject
Global
	GlobalSection(SolutionConfigurationPlatforms) = preSolution
		Debug|Any CPU = Debug|Any CPU
		Release|Any CPU = Release|Any CPU
	EndGlobalSection
	GlobalSection(ProjectConfigurationPlatforms) = postSolution
		{D6CB3580-F1D6-4866-9CDA-E0098450F90E}.Debug|Any CPU.ActiveCfg = Debug|Any CPU
		{D6CB3580-F1D6-4866-9CDA-E0098450F90E}.Debug|Any CPU.Build.0 = Debug|Any CPU
		{D6CB3580-F1D6-4866-9CDA-E0098450F90E}.Release|Any CPU.ActiveCfg = Release|Any CPU
		{D6CB3580-F1D6-4866-9CDA-E0098450F90E}.Release|Any CPU.Build.0 = Release|Any CPU
	EndGlobalSection
	GlobalSection(SolutionProperties) = preSolution
		HideSolutionNode = FALSE
	EndGlobalSection
	GlobalSection(ExtensibilityGlobals) = postSolution
		SolutionGuid = {5990A290-8445-4CD5-B3B5-9488B7BFDC7C}
	EndGlobalSection
EndGlobal
